
Microsoft Visual Studio Solution File, Format Version 12.00
# Visual Studio 15
VisualStudioVersion = 15.0.28307.852
MinimumVisualStudioVersion = 10.0.40219.1
Project("{FAE04EC0-301F-11D3-BF4B-00C04F79EFBC}") = "Database", "Database\Database.csproj", "{6F9EB9CD-83FB-477C-A302-AB171535AE83}"
EndProject
Project("{FAE04EC0-301F-11D3-BF4B-00C04F79EFBC}") = "Business", "Business\Business.csproj", "{354142B8-255F-489B-92EF-3A4399244592}"
EndProject
Project("{FAE04EC0-301F-11D3-BF4B-00C04F79EFBC}") = "InterfaceUser", "InterfaceUser\InterfaceUser.csproj", "{09413EAD-F11A-418F-BC2D-F2F1A5CD4ADC}"
EndProject
Global
	GlobalSection(SolutionConfigurationPlatforms) = preSolution
		Debug|Any CPU = Debug|Any CPU
		Release|Any CPU = Release|Any CPU
	EndGlobalSection
	GlobalSection(ProjectConfigurationPlatforms) = postSolution
		{6F9EB9CD-83FB-477C-A302-AB171535AE83}.Debug|Any CPU.ActiveCfg = Debug|Any CPU
		{6F9EB9CD-83FB-477C-A302-AB171535AE83}.Debug|Any CPU.Build.0 = Debug|Any CPU
		{6F9EB9CD-83FB-477C-A302-AB171535AE83}.Release|Any CPU.ActiveCfg = Release|Any CPU
		{6F9EB9CD-83FB-477C-A302-AB171535AE83}.Release|Any CPU.Build.0 = Release|Any CPU
		{354142B8-255F-489B-92EF-3A4399244592}.Debug|Any CPU.ActiveCfg = Debug|Any CPU
		{354142B8-255F-489B-92EF-3A4399244592}.Debug|Any CPU.Build.0 = Debug|Any CPU
		{354142B8-255F-489B-92EF-3A4399244592}.Release|Any CPU.ActiveCfg = Release|Any CPU
		{354142B8-255F-489B-92EF-3A4399244592}.Release|Any CPU.Build.0 = Release|Any CPU
		{09413EAD-F11A-418F-BC2D-F2F1A5CD4ADC}.Debug|Any CPU.ActiveCfg = Debug|Any CPU
		{09413EAD-F11A-418F-BC2D-F2F1A5CD4ADC}.Debug|Any CPU.Build.0 = Debug|Any CPU
		{09413EAD-F11A-418F-BC2D-F2F1A5CD4ADC}.Release|Any CPU.ActiveCfg = Release|Any CPU
		{09413EAD-F11A-418F-BC2D-F2F1A5CD4ADC}.Release|Any CPU.Build.0 = Release|Any CPU
	EndGlobalSection
	GlobalSection(SolutionProperties) = preSolution
		HideSolutionNode = FALSE
	EndGlobalSection
	GlobalSection(ExtensibilityGlobals) = postSolution
		SolutionGuid = {299DC0B5-A1A1-4F73-AA7C-FA6D65C757BF}
	EndGlobalSection
EndGlobal
